{
  "name": "router-resetter",
  "version": "0.0.1",
  "lockfileVersion": 2,
  "requires": true,
  "packages": {
    "": {
      "name": "router-resetter",
      "version": "0.0.1",
      "license": "Apache-2.0",
      "dependencies": {
        "casperjs": "^1.1.4",
        "dotenv": "^16.0.1"
      }
    },
    "node_modules/casperjs": {
      "version": "1.1.4",
      "resolved": "https://registry.npmjs.org/casperjs/-/casperjs-1.1.4.tgz",
      "integrity": "sha1-6wH07YWsUgqPTZMrTap00+d7x0Y=",
      "bin": {
        "casperjs": "bin/casperjs"
      }
    },
    "node_modules/dotenv": {
      "version": "16.0.1",
      "resolved": "https://registry.npmjs.org/dotenv/-/dotenv-16.0.1.tgz",
      "integrity": "sha512-1K6hR6wtk2FviQ4kEiSjFiH5rpzEVi8WW0x96aztHVMhEspNpc4DVOUTEHtEva5VThQ8IaBX1Pe4gSzpVVUsKQ==",
      "engines": {
        "node": ">=12"
      }
    }
  },
  "dependencies": {
    "casperjs": {
      "version": "1.1.4",
      "resolved": "https://registry.npmjs.org/casperjs/-/casperjs-1.1.4.tgz",
      "integrity": "sha1-6wH07YWsUgqPTZMrTap00+d7x0Y="
    },
    "dotenv": {
      "version": "16.0.1",
      "resolved": "https://registry.npmjs.org/dotenv/-/dotenv-16.0.1.tgz",
      "integrity": "sha512-1K6hR6wtk2FviQ4kEiSjFiH5rpzEVi8WW0x96aztHVMhEspNpc4DVOUTEHtEva5VThQ8IaBX1Pe4gSzpVVUsKQ=="
    }
  }
}
